
Microsoft Visual Studio Solution File, Format Version 12.00
# Visual Studio Version 17
VisualStudioVersion = 17.9.34728.123
MinimumVisualStudioVersion = 10.0.40219.1
Project("{8BC9CEB8-8B4A-11D0-8D11-00A0C91BC942}") = "TD1_bossgame", "TD1_bossgame.vcxproj", "{81E257E7-3A1E-46BC-BEDE-78021F5DE35D}"
EndProject
Global
	GlobalSection(SolutionConfigurationPlatforms) = preSolution
		Debug|x64 = Debug|x64
		Release|x64 = Release|x64
	EndGlobalSection
	GlobalSection(ProjectConfigurationPlatforms) = postSolution
		{81E257E7-3A1E-46BC-BEDE-78021F5DE35D}.Debug|x64.ActiveCfg = Debug|x64
		{81E257E7-3A1E-46BC-BEDE-78021F5DE35D}.Debug|x64.Build.0 = Debug|x64
		{81E257E7-3A1E-46BC-BEDE-78021F5DE35D}.Release|x64.ActiveCfg = Release|x64
		{81E257E7-3A1E-46BC-BEDE-78021F5DE35D}.Release|x64.Build.0 = Release|x64
	EndGlobalSection
	GlobalSection(SolutionProperties) = preSolution
		HideSolutionNode = FALSE
	EndGlobalSection
	GlobalSection(ExtensibilityGlobals) = postSolution
		SolutionGuid = {6B1394C9-65C3-4A35-A948-E1847AA25BAF}
	EndGlobalSection
EndGlobal
